
Microsoft Visual Studio Solution File, Format Version 12.00
# Visual Studio Version 17
VisualStudioVersion = 17.3.32825.248
MinimumVisualStudioVersion = 10.0.40219.1
Project("{FAE04EC0-301F-11D3-BF4B-00C04F79EFBC}") = "DoorPhone", "DoorPhone\DoorPhone.csproj", "{D02577EB-B0BA-41C7-8515-59D10C338971}"
EndProject
Project("{FAE04EC0-301F-11D3-BF4B-00C04F79EFBC}") = "Model", "Model\Model.csproj", "{CBD4DC20-BEE6-4FBF-90E5-BE9BDF5B05B8}"
EndProject
Project("{FAE04EC0-301F-11D3-BF4B-00C04F79EFBC}") = "AddWindow", "AddWindow\AddWindow.csproj", "{A36B4AA6-0A78-4D61-A8BC-0127B86D3E54}"
EndProject
Project("{FAE04EC0-301F-11D3-BF4B-00C04F79EFBC}") = "PayWindow", "PayWindow\PayWindow.csproj", "{0CAA3D60-BD44-469B-9FC4-94E84F70DAA6}"
EndProject
Project("{2150E333-8FDC-42A3-9474-1A3956D46DE8}") = "Views", "Views", "{EDBAE526-9F3C-41DA-A1E1-73C62DD1EADB}"
EndProject
Project("{2150E333-8FDC-42A3-9474-1A3956D46DE8}") = "Models", "Models", "{958509CB-71D5-44FD-96EF-CB84A77B911A}"
EndProject
Project("{2150E333-8FDC-42A3-9474-1A3956D46DE8}") = "Presenters", "Presenters", "{26EEBF0B-4667-49D1-9A80-851F9E53EFF3}"
EndProject
Project("{FAE04EC0-301F-11D3-BF4B-00C04F79EFBC}") = "ChangeWindow", "ChangeWindow\ChangeWindow.csproj", "{6B5F3685-FBD1-46DB-8741-A5A71BF4F96B}"
EndProject
Project("{FAE04EC0-301F-11D3-BF4B-00C04F79EFBC}") = "AboutWindow", "AboutWindow\AboutWindow.csproj", "{FFE74C33-6E98-4BF8-8AA3-4ADA5CC45394}"
EndProject
Project("{FAE04EC0-301F-11D3-BF4B-00C04F79EFBC}") = "PresenterView", "Presenter\PresenterView.csproj", "{7807443A-183A-4E15-9C14-7BF16D3A3658}"
EndProject
Project("{FAE04EC0-301F-11D3-BF4B-00C04F79EFBC}") = "Shared", "Shared\Shared.csproj", "{E82C163B-6199-4A7E-A109-8C0B0F353DDD}"
EndProject
Project("{FAE04EC0-301F-11D3-BF4B-00C04F79EFBC}") = "BusinessLogic_Main", "BusinessLogic\BusinessLogic_Main.csproj", "{576910BA-4391-499D-8CAF-0251B95AB053}"
EndProject
Project("{2150E333-8FDC-42A3-9474-1A3956D46DE8}") = "BusinessLogics", "BusinessLogics", "{D0BFAC9C-4BB4-444C-B9CA-CCC962B87F63}"
EndProject
Project("{FAE04EC0-301F-11D3-BF4B-00C04F79EFBC}") = "BusinessLogic_AddPerson", "AddPersonBusinessLogic\BusinessLogic_AddPerson.csproj", "{F0C0504C-0846-4A6C-B015-F59F22962F58}"
EndProject
Project("{FAE04EC0-301F-11D3-BF4B-00C04F79EFBC}") = "Repository", "Repository\Repository.csproj", "{12099F09-5FFF-459F-ADB4-7898B3EB0293}"
EndProject
Project("{FAE04EC0-301F-11D3-BF4B-00C04F79EFBC}") = "BusinessLogic_PayPerson", "BusinessLogic_PayPerson\BusinessLogic_PayPerson.csproj", "{00F2C294-04C7-45CD-9E7B-7D427ADCBA21}"
EndProject
Project("{FAE04EC0-301F-11D3-BF4B-00C04F79EFBC}") = "BusinessLogic_ChangePerson", "BusinessLogic_ChangePerson\BusinessLogic_ChangePerson.csproj", "{B16C5E6C-92EF-442F-9D89-54FB9BE5D6E8}"
EndProject
Global
	GlobalSection(SolutionConfigurationPlatforms) = preSolution
		Debug|Any CPU = Debug|Any CPU
		Release|Any CPU = Release|Any CPU
	EndGlobalSection
	GlobalSection(ProjectConfigurationPlatforms) = postSolution
		{D02577EB-B0BA-41C7-8515-59D10C338971}.Debug|Any CPU.ActiveCfg = Debug|Any CPU
		{D02577EB-B0BA-41C7-8515-59D10C338971}.Debug|Any CPU.Build.0 = Debug|Any CPU
		{D02577EB-B0BA-41C7-8515-59D10C338971}.Release|Any CPU.ActiveCfg = Release|Any CPU
		{D02577EB-B0BA-41C7-8515-59D10C338971}.Release|Any CPU.Build.0 = Release|Any CPU
		{CBD4DC20-BEE6-4FBF-90E5-BE9BDF5B05B8}.Debug|Any CPU.ActiveCfg = Debug|Any CPU
		{CBD4DC20-BEE6-4FBF-90E5-BE9BDF5B05B8}.Debug|Any CPU.Build.0 = Debug|Any CPU
		{CBD4DC20-BEE6-4FBF-90E5-BE9BDF5B05B8}.Release|Any CPU.ActiveCfg = Release|Any CPU
		{CBD4DC20-BEE6-4FBF-90E5-BE9BDF5B05B8}.Release|Any CPU.Build.0 = Release|Any CPU
		{A36B4AA6-0A78-4D61-A8BC-0127B86D3E54}.Debug|Any CPU.ActiveCfg = Debug|Any CPU
		{A36B4AA6-0A78-4D61-A8BC-0127B86D3E54}.Debug|Any CPU.Build.0 = Debug|Any CPU
		{A36B4AA6-0A78-4D61-A8BC-0127B86D3E54}.Release|Any CPU.ActiveCfg = Release|Any CPU
		{A36B4AA6-0A78-4D61-A8BC-0127B86D3E54}.Release|Any CPU.Build.0 = Release|Any CPU
		{0CAA3D60-BD44-469B-9FC4-94E84F70DAA6}.Debug|Any CPU.ActiveCfg = Debug|Any CPU
		{0CAA3D60-BD44-469B-9FC4-94E84F70DAA6}.Debug|Any CPU.Build.0 = Debug|Any CPU
		{0CAA3D60-BD44-469B-9FC4-94E84F70DAA6}.Release|Any CPU.ActiveCfg = Release|Any CPU
		{0CAA3D60-BD44-469B-9FC4-94E84F70DAA6}.Release|Any CPU.Build.0 = Release|Any CPU
		{6B5F3685-FBD1-46DB-8741-A5A71BF4F96B}.Debug|Any CPU.ActiveCfg = Debug|Any CPU
		{6B5F3685-FBD1-46DB-8741-A5A71BF4F96B}.Debug|Any CPU.Build.0 = Debug|Any CPU
		{6B5F3685-FBD1-46DB-8741-A5A71BF4F96B}.Release|Any CPU.ActiveCfg = Release|Any CPU
		{6B5F3685-FBD1-46DB-8741-A5A71BF4F96B}.Release|Any CPU.Build.0 = Release|Any CPU
		{FFE74C33-6E98-4BF8-8AA3-4ADA5CC45394}.Debug|Any CPU.ActiveCfg = Debug|Any CPU
		{FFE74C33-6E98-4BF8-8AA3-4ADA5CC45394}.Debug|Any CPU.Build.0 = Debug|Any CPU
		{FFE74C33-6E98-4BF8-8AA3-4ADA5CC45394}.Release|Any CPU.ActiveCfg = Release|Any CPU
		{FFE74C33-6E98-4BF8-8AA3-4ADA5CC45394}.Release|Any CPU.Build.0 = Release|Any CPU
		{7807443A-183A-4E15-9C14-7BF16D3A3658}.Debug|Any CPU.ActiveCfg = Debug|Any CPU
		{7807443A-183A-4E15-9C14-7BF16D3A3658}.Debug|Any CPU.Build.0 = Debug|Any CPU
		{7807443A-183A-4E15-9C14-7BF16D3A3658}.Release|Any CPU.ActiveCfg = Release|Any CPU
		{7807443A-183A-4E15-9C14-7BF16D3A3658}.Release|Any CPU.Build.0 = Release|Any CPU
		{E82C163B-6199-4A7E-A109-8C0B0F353DDD}.Debug|Any CPU.ActiveCfg = Debug|Any CPU
		{E82C163B-6199-4A7E-A109-8C0B0F353DDD}.Debug|Any CPU.Build.0 = Debug|Any CPU
		{E82C163B-6199-4A7E-A109-8C0B0F353DDD}.Release|Any CPU.ActiveCfg = Release|Any CPU
		{E82C163B-6199-4A7E-A109-8C0B0F353DDD}.Release|Any CPU.Build.0 = Release|Any CPU
		{576910BA-4391-499D-8CAF-0251B95AB053}.Debug|Any CPU.ActiveCfg = Debug|Any CPU
		{576910BA-4391-499D-8CAF-0251B95AB053}.Debug|Any CPU.Build.0 = Debug|Any CPU
		{576910BA-4391-499D-8CAF-0251B95AB053}.Release|Any CPU.ActiveCfg = Release|Any CPU
		{576910BA-4391-499D-8CAF-0251B95AB053}.Release|Any CPU.Build.0 = Release|Any CPU
		{F0C0504C-0846-4A6C-B015-F59F22962F58}.Debug|Any CPU.ActiveCfg = Debug|Any CPU
		{F0C0504C-0846-4A6C-B015-F59F22962F58}.Debug|Any CPU.Build.0 = Debug|Any CPU
		{F0C0504C-0846-4A6C-B015-F59F22962F58}.Release|Any CPU.ActiveCfg = Release|Any CPU
		{F0C0504C-0846-4A6C-B015-F59F22962F58}.Release|Any CPU.Build.0 = Release|Any CPU
		{12099F09-5FFF-459F-ADB4-7898B3EB0293}.Debug|Any CPU.ActiveCfg = Debug|Any CPU
		{12099F09-5FFF-459F-ADB4-7898B3EB0293}.Debug|Any CPU.Build.0 = Debug|Any CPU
		{12099F09-5FFF-459F-ADB4-7898B3EB0293}.Release|Any CPU.ActiveCfg = Release|Any CPU
		{12099F09-5FFF-459F-ADB4-7898B3EB0293}.Release|Any CPU.Build.0 = Release|Any CPU
		{00F2C294-04C7-45CD-9E7B-7D427ADCBA21}.Debug|Any CPU.ActiveCfg = Debug|Any CPU
		{00F2C294-04C7-45CD-9E7B-7D427ADCBA21}.Debug|Any CPU.Build.0 = Debug|Any CPU
		{00F2C294-04C7-45CD-9E7B-7D427ADCBA21}.Release|Any CPU.ActiveCfg = Release|Any CPU
		{00F2C294-04C7-45CD-9E7B-7D427ADCBA21}.Release|Any CPU.Build.0 = Release|Any CPU
		{B16C5E6C-92EF-442F-9D89-54FB9BE5D6E8}.Debug|Any CPU.ActiveCfg = Debug|Any CPU
		{B16C5E6C-92EF-442F-9D89-54FB9BE5D6E8}.Debug|Any CPU.Build.0 = Debug|Any CPU
		{B16C5E6C-92EF-442F-9D89-54FB9BE5D6E8}.Release|Any CPU.ActiveCfg = Release|Any CPU
		{B16C5E6C-92EF-442F-9D89-54FB9BE5D6E8}.Release|Any CPU.Build.0 = Release|Any CPU
	EndGlobalSection
	GlobalSection(SolutionProperties) = preSolution
		HideSolutionNode = FALSE
	EndGlobalSection
	GlobalSection(NestedProjects) = preSolution
		{D02577EB-B0BA-41C7-8515-59D10C338971} = {EDBAE526-9F3C-41DA-A1E1-73C62DD1EADB}
		{CBD4DC20-BEE6-4FBF-90E5-BE9BDF5B05B8} = {958509CB-71D5-44FD-96EF-CB84A77B911A}
		{A36B4AA6-0A78-4D61-A8BC-0127B86D3E54} = {EDBAE526-9F3C-41DA-A1E1-73C62DD1EADB}
		{0CAA3D60-BD44-469B-9FC4-94E84F70DAA6} = {EDBAE526-9F3C-41DA-A1E1-73C62DD1EADB}
		{6B5F3685-FBD1-46DB-8741-A5A71BF4F96B} = {EDBAE526-9F3C-41DA-A1E1-73C62DD1EADB}
		{FFE74C33-6E98-4BF8-8AA3-4ADA5CC45394} = {EDBAE526-9F3C-41DA-A1E1-73C62DD1EADB}
		{7807443A-183A-4E15-9C14-7BF16D3A3658} = {26EEBF0B-4667-49D1-9A80-851F9E53EFF3}
		{576910BA-4391-499D-8CAF-0251B95AB053} = {D0BFAC9C-4BB4-444C-B9CA-CCC962B87F63}
		{F0C0504C-0846-4A6C-B015-F59F22962F58} = {D0BFAC9C-4BB4-444C-B9CA-CCC962B87F63}
		{00F2C294-04C7-45CD-9E7B-7D427ADCBA21} = {D0BFAC9C-4BB4-444C-B9CA-CCC962B87F63}
		{B16C5E6C-92EF-442F-9D89-54FB9BE5D6E8} = {D0BFAC9C-4BB4-444C-B9CA-CCC962B87F63}
	EndGlobalSection
	GlobalSection(ExtensibilityGlobals) = postSolution
		SolutionGuid = {E03B6CB1-D4D3-43F6-85D4-009308A58B15}
	EndGlobalSection
EndGlobal
